
Microsoft Visual Studio Solution File, Format Version 12.00
# Visual Studio Version 16
VisualStudioVersion = 16.0.30320.27
MinimumVisualStudioVersion = 10.0.40219.1
Project("{FAE04EC0-301F-11D3-BF4B-00C04F79EFBC}") = "Proc_Xml_Dup", "Proc_Xml_Dup\Proc_Xml_Dup.csproj", "{E200CDDD-4037-48C2-842A-64437974D70C}"
EndProject
Global
	GlobalSection(SolutionConfigurationPlatforms) = preSolution
		Debug|Any CPU = Debug|Any CPU
		Release|Any CPU = Release|Any CPU
	EndGlobalSection
	GlobalSection(ProjectConfigurationPlatforms) = postSolution
		{E200CDDD-4037-48C2-842A-64437974D70C}.Debug|Any CPU.ActiveCfg = Debug|Any CPU
		{E200CDDD-4037-48C2-842A-64437974D70C}.Debug|Any CPU.Build.0 = Debug|Any CPU
		{E200CDDD-4037-48C2-842A-64437974D70C}.Release|Any CPU.ActiveCfg = Release|Any CPU
		{E200CDDD-4037-48C2-842A-64437974D70C}.Release|Any CPU.Build.0 = Release|Any CPU
	EndGlobalSection
	GlobalSection(SolutionProperties) = preSolution
		HideSolutionNode = FALSE
	EndGlobalSection
	GlobalSection(ExtensibilityGlobals) = postSolution
		SolutionGuid = {95D30274-29FB-42A9-82D3-ADDD42E951E5}
	EndGlobalSection
EndGlobal
